
Microsoft Visual Studio Solution File, Format Version 12.00
# Visual Studio Version 17
VisualStudioVersion = 17.5.002.0
MinimumVisualStudioVersion = 10.0.40219.1
Project("{2150E333-8FDC-42A3-9474-1A3956D46DE8}") = "__tests__", "__tests__", "{A304EBC7-AAC8-4895-8C81-CDC8112266D3}"
EndProject
Project("{2150E333-8FDC-42A3-9474-1A3956D46DE8}") = "Utilities", "Utilities", "{FB9B109F-AAA6-4011-84BC-AA0FA76F7BCD}"
EndProject
Project("{9A19103F-16F7-4668-BE54-9A1E7A4F7556}") = "vstest-functional-test", "__tests__\Utilities\functional-tests\vstest-functional-test.csproj", "{1ECD23D4-890B-4C48-BE4F-76D8EE0B1260}"
EndProject
Global
	GlobalSection(SolutionConfigurationPlatforms) = preSolution
		Debug|Any CPU = Debug|Any CPU
		Release|Any CPU = Release|Any CPU
	EndGlobalSection
	GlobalSection(ProjectConfigurationPlatforms) = postSolution
		{1ECD23D4-890B-4C48-BE4F-76D8EE0B1260}.Debug|Any CPU.ActiveCfg = Debug|Any CPU
		{1ECD23D4-890B-4C48-BE4F-76D8EE0B1260}.Debug|Any CPU.Build.0 = Debug|Any CPU
		{1ECD23D4-890B-4C48-BE4F-76D8EE0B1260}.Release|Any CPU.ActiveCfg = Release|Any CPU
		{1ECD23D4-890B-4C48-BE4F-76D8EE0B1260}.Release|Any CPU.Build.0 = Release|Any CPU
	EndGlobalSection
	GlobalSection(SolutionProperties) = preSolution
		HideSolutionNode = FALSE
	EndGlobalSection
	GlobalSection(NestedProjects) = preSolution
		{FB9B109F-AAA6-4011-84BC-AA0FA76F7BCD} = {A304EBC7-AAC8-4895-8C81-CDC8112266D3}
		{1ECD23D4-890B-4C48-BE4F-76D8EE0B1260} = {FB9B109F-AAA6-4011-84BC-AA0FA76F7BCD}
	EndGlobalSection
	GlobalSection(ExtensibilityGlobals) = postSolution
		SolutionGuid = {CEC4DB10-7EE3-4997-A2DB-D5FDC8C838C1}
	EndGlobalSection
EndGlobal
